
Microsoft Visual Studio Solution File, Format Version 12.00
# Visual Studio Version 16
VisualStudioVersion = 16.0.30523.141
MinimumVisualStudioVersion = 10.0.40219.1
Project("{FAE04EC0-301F-11D3-BF4B-00C04F79EFBC}") = "Factura_Afip", "Factura_Afip\Factura_Afip.csproj", "{56274706-55EF-482E-B9F8-38FD4E12D6AF}"
EndProject
Global
	GlobalSection(SolutionConfigurationPlatforms) = preSolution
		Debug|Any CPU = Debug|Any CPU
		Release|Any CPU = Release|Any CPU
	EndGlobalSection
	GlobalSection(ProjectConfigurationPlatforms) = postSolution
		{56274706-55EF-482E-B9F8-38FD4E12D6AF}.Debug|Any CPU.ActiveCfg = Debug|Any CPU
		{56274706-55EF-482E-B9F8-38FD4E12D6AF}.Debug|Any CPU.Build.0 = Debug|Any CPU
		{56274706-55EF-482E-B9F8-38FD4E12D6AF}.Release|Any CPU.ActiveCfg = Release|Any CPU
		{56274706-55EF-482E-B9F8-38FD4E12D6AF}.Release|Any CPU.Build.0 = Release|Any CPU
	EndGlobalSection
	GlobalSection(SolutionProperties) = preSolution
		HideSolutionNode = FALSE
	EndGlobalSection
	GlobalSection(ExtensibilityGlobals) = postSolution
		SolutionGuid = {D6C898D1-E098-4DFC-B419-0FF95B3C9B39}
	EndGlobalSection
EndGlobal
